// !$*UTF8*$!
{
	archiveVersion = 1;
	classes = {
	};
	objectVersion = 46;
	objects = {

/* Begin PBXBuildFile section */
		ADC8E3EA1DC9F2BC0031EAC9 /* AppDelegate.swift in Sources */ = {isa = PBXBuildFile; fileRef = ADC8E3E91DC9F2BC0031EAC9 /* AppDelegate.swift */; };
		ADC8E3EC1DC9F2BC0031EAC9 /* ViewController.swift in Sources */ = {isa = PBXBuildFile; fileRef = ADC8E3EB1DC9F2BC0031EAC9 /* ViewController.swift */; };
		ADC8E3EF1DC9F2BC0031EAC9 /* Main.storyboard in Resources */ = {isa = PBXBuildFile; fileRef = ADC8E3ED1DC9F2BC0031EAC9 /* Main.storyboard */; };
		ADC8E3F11DC9F2BC0031EAC9 /* Assets.xcassets in Resources */ = {isa = PBXBuildFile; fileRef = ADC8E3F01DC9F2BC0031EAC9 /* Assets.xcassets */; };
		ADC8E3F41DC9F2BC0031EAC9 /* LaunchScreen.storyboard in Resources */ = {isa = PBXBuildFile; fileRef = ADC8E3F21DC9F2BC0031EAC9 /* LaunchScreen.storyboard */; };
/* End PBXBuildFile section */

/* Begin PBXFileReference section */
		ADC8E3E61DC9F2BC0031EAC9 /* Multiplication Tables.app */ = {isa = PBXFileReference; explicitFileType = wrapper.application; includeInIndex = 0; path = "Multiplication Tables.app"; sourceTree = BUILT_PRODUCTS_DIR; };
		ADC8E3E91DC9F2BC0031EAC9 /* AppDelegate.swift */ = {isa = PBXFileReference; lastKnownFileType = sourcecode.swift; path = AppDelegate.swift; sourceTree = "<group>"; };
		ADC8E3EB1DC9F2BC0031EAC9 /* ViewController.swift */ = {isa = PBXFileReference; lastKnownFileType = sourcecode.swift; path = ViewController.swift; sourceTree = "<group>"; };
		ADC8E3EE1DC9F2BC0031EAC9 /* Base */ = {isa = PBXFileReference; lastKnownFileType = file.storyboard; name = Base; path = Base.lproj/Main.storyboard; sourceTree = "<group>"; };
		ADC8E3F01DC9F2BC0031EAC9 /* Assets.xcassets */ = {isa = PBXFileReference; lastKnownFileType = folder.assetcatalog; path = Assets.xcassets; sourceTree = "<group>"; };
		ADC8E3F31DC9F2BC0031EAC9 /* Base */ = {isa = PBXFileReference; lastKnownFileType = file.storyboard; name = Base; path = Base.lproj/LaunchScreen.storyboard; sourceTree = "<group>"; };
		ADC8E3F51DC9F2BC0031EAC9 /* Info.plist */ = {isa = PBXFileReference; lastKnownFileType = text.plist.xml; path = Info.plist; sourceTree = "<group>"; };
/* End PBXFileReference section */

/* Begin PBXFrameworksBuildPhase section */
		ADC8E3E31DC9F2BC0031EAC9 /* Frameworks */ = {
			isa = PBXFrameworksBuildPhase;
			buildActionMask = 2147483647;
			files = (
			);
			runOnlyForDeploymentPostprocessing = 0;
		};
/* End PBXFrameworksBuildPhase section */

/* Begin PBXGroup section */
		ADC8E3DD1DC9F2BC0031EAC9 = {
			isa = PBXGroup;
			children = (
				ADC8E3E81DC9F2BC0031EAC9 /* Multiplication Tables */,
				ADC8E3E71DC9F2BC0031EAC9 /* Products */,
			);
			sourceTree = "<group>";
		};
		ADC8E3E71DC9F2BC0031EAC9 /* Products */ = {
			isa = PBXGroup;
			children = (
				ADC8E3E61DC9F2BC0031EAC9 /* Multiplication Tables.app */,
			);
			name = Products;
			sourceTree = "<group>";
		};
		ADC8E3E81DC9F2BC0031EAC9 /* Multiplication Tables */ = {
			isa = PBXGroup;
			children = (
				ADC8E3E91DC9F2BC0031EAC9 /* AppDelegate.swift */,
				ADC8E3EB1DC9F2BC0031EAC9 /* ViewController.swift */,
				ADC8E3ED1DC9F2BC0031EAC9 /* Main.storyboard */,
				ADC8E3F01DC9F2BC0031EAC9 /* Assets.xcassets */,
				ADC8E3F21DC9F2BC0031EAC9 /* LaunchScreen.storyboard */,
				ADC8E3F51DC9F2BC0031EAC9 /* Info.plist */,
			);
			path = "Multiplication Tables";
			sourceTree = "<group>";
		};
/* End PBXGroup section */

/* Begin PBXNativeTarget section */
		ADC8E3E51DC9F2BC0031EAC9 /* Multiplication Tables */ = {
			isa = PBXNativeTarget;
			buildConfigurationList = ADC8E3F81DC9F2BC0031EAC9 /* Build configuration list for PBXNativeTarget "Multiplication Tables" */;
			buildPhases = (
				ADC8E3E21DC9F2BC0031EAC9 /* Sources */,
				ADC8E3E31DC9F2BC0031EAC9 /* Frameworks */,
				ADC8E3E41DC9F2BC0031EAC9 /* Resources */,
			);
			buildRules = (
			);
			dependencies = (
			);
			name = "Multiplication Tables";
			productName = "Multiplication Tables";
			productReference = ADC8E3E61DC9F2BC0031EAC9 /* Multiplication Tables.app */;
			productType = "com.apple.product-type.application";
		};
/* End PBXNativeTarget section */

/* Begin PBXProject section */
		ADC8E3DE1DC9F2BC0031EAC9 /* Project object */ = {
			isa = PBXProject;
			attributes = {
				LastSwiftUpdateCheck = 0810;
				LastUpgradeCheck = 0810;
				ORGANIZATIONNAME = "Atin Singhal";
				TargetAttributes = {
					ADC8E3E51DC9F2BC0031EAC9 = {
						CreatedOnToolsVersion = 8.1;
						ProvisioningStyle = Manual;
					};
				};
			};
			buildConfigurationList = ADC8E3E11DC9F2BC0031EAC9 /* Build configuration list for PBXProject "Multiplication Tables" */;
			compatibilityVersion = "Xcode 3.2";
			developmentRegion = English;
			hasScannedForEncodings = 0;
			knownRegions = (
				en,
				Base,
			);
			mainGroup = ADC8E3DD1DC9F2BC0031EAC9;
			productRefGroup = ADC8E3E71DC9F2BC0031EAC9 /* Products */;
			projectDirPath = "";
			projectRoot = "";
			targets = (
				ADC8E3E51DC9F2BC0031EAC9 /* Multiplication Tables */,
			);
		};
/* End PBXProject section */

/* Begin PBXResourcesBuildPhase section */
		ADC8E3E41DC9F2BC0031EAC9 /* Resources */ = {
			isa = PBXResourcesBuildPhase;
			buildActionMask = 2147483647;
			files = (
				ADC8E3F41DC9F2BC0031EAC9 /* LaunchScreen.storyboard in Resources */,
				ADC8E3F11DC9F2BC0031EAC9 /* Assets.xcassets in Resources */,
				ADC8E3EF1DC9F2BC0031EAC9 /* Main.storyboard in Resources */,
			);
			runOnlyForDeploymentPostprocessing = 0;
		};
/* End PBXResourcesBuildPhase section */

/* Begin PBXSourcesBuildPhase section */
		ADC8E3E21DC9F2BC0031EAC9 /* Sources */ = {
			isa = PBXSourcesBuildPhase;
			buildActionMask = 2147483647;
			files = (
				ADC8E3EC1DC9F2BC0031EAC9 /* ViewController.swift in Sources */,
				ADC8E3EA1DC9F2BC0031EAC9 /* AppDelegate.swift in Sources */,
			);
			runOnlyForDeploymentPostprocessing = 0;
		};
/* End PBXSourcesBuildPhase section */

/* Begin PBXVariantGroup section */
		ADC8E3ED1DC9F2BC0031EAC9 /* Main.storyboard */ = {
			isa = PBXVariantGroup;
			children = (
				ADC8E3EE1DC9F2BC0031EAC9 /* Base */,
			);
			name = Main.storyboard;
			sourceTree = "<group>";
		};
		ADC8E3F21DC9F2BC0031EAC9 /* LaunchScreen.storyboard */ = {
			isa = PBXVariantGroup;
			children = (
				ADC8E3F31DC9F2BC0031EAC9 /* Base */,
			);
			name = LaunchScreen.storyboard;
			sourceTree = "<group>";
		};
/* End PBXVariantGroup section */

/* Begin XCBuildConfiguration section */
		ADC8E3F61DC9F2BC0031EAC9 /* Debug */ = {
			isa = XCBuildConfiguration;
			buildSettings = {
				ALWAYS_SEARCH_USER_PATHS = NO;
				CLANG_ANALYZER_NONNULL = YES;
				CLANG_CXX_LANGUAGE_STANDARD = "gnu++0x";
				CLANG_CXX_LIBRARY = "libc++";
				CLANG_ENABLE_MODULES = YES;
				CLANG_ENABLE_OBJC_ARC = YES;
				CLANG_WARN_BOOL_CONVERSION = YES;
				CLANG_WARN_CONSTANT_CONVERSION = YES;
				CLANG_WARN_DIRECT_OBJC_ISA_USAGE = YES_ERROR;
				CLANG_WARN_DOCUMENTATION_COMMENTS = YES;
				CLANG_WARN_EMPTY_BODY = YES;
				CLANG_WARN_ENUM_CONVERSION = YES;
				CLANG_WARN_INFINITE_RECURSION = YES;
				CLANG_WARN_INT_CONVERSION = YES;
				CLANG_WARN_OBJC_ROOT_CLASS = YES_ERROR;
				CLANG_WARN_SUSPICIOUS_MOVES = YES;
				CLANG_WARN_UNREACHABLE_CODE = YES;
				CLANG_WARN__DUPLICATE_METHOD_MATCH = YES;
				"CODE_SIGN_IDENTITY[sdk=iphoneos*]" = "iPhone Developer";
				COPY_PHASE_STRIP = NO;
				DEBUG_INFORMATION_FORMAT = dwarf;
				ENABLE_STRICT_OBJC_MSGSEND = YES;
				ENABLE_TESTABILITY = YES;
				GCC_C_LANGUAGE_STANDARD = gnu99;
				GCC_DYNAMIC_NO_PIC = NO;
				GCC_NO_COMMON_BLOCKS = YES;
				GCC_OPTIMIZATION_LEVEL = 0;
				GCC_PREPROCESSOR_DEFINITIONS = (
					"DEBUG=1",
					"$(inherited)",
				);
				GCC_WARN_64_TO_32_BIT_CONVERSION = YES;
				GCC_WARN_ABOUT_RETURN_TYPE = YES_ERROR;
				GCC_WARN_UNDECLARED_SELECTOR = YES;
				GCC_WARN_UNINITIALIZED_AUTOS = YES_AGGRESSIVE;
				GCC_WARN_UNUSED_FUNCTION = YES;
				GCC_WARN_UNUSED_VARIABLE = YES;
				IPHONEOS_DEPLOYMENT_TARGET = 10.1;
				MTL_ENABLE_DEBUG_INFO = YES;
				ONLY_ACTIVE_ARCH = YES;
				SDKROOT = iphoneos;
				SWIFT_ACTIVE_COMPILATION_CONDITIONS = DEBUG;
				SWIFT_OPTIMIZATION_LEVEL = "-Onone";
			};
			name = Debug;
		};
		ADC8E3F71DC9F2BC0031EAC9 /* Release */ = {
			isa = XCBuildConfiguration;
			buildSettings = {
				ALWAYS_SEARCH_USER_PATHS = NO;
				CLANG_ANALYZER_NONNULL = YES;
				CLANG_CXX_LANGUAGE_STANDARD = "gnu++0x";
				CLANG_CXX_LIBRARY = "libc++";
				CLANG_ENABLE_MODULES = YES;
				CLANG_ENABLE_OBJC_ARC = YES;
				CLANG_WARN_BOOL_CONVERSION = YES;
				CLANG_WARN_CONSTANT_CONVERSION = YES;
				CLANG_WARN_DIRECT_OBJC_ISA_USAGE = YES_ERROR;
				CLANG_WARN_DOCUMENTATION_COMMENTS = YES;
				CLANG_WARN_EMPTY_BODY = YES;
				CLANG_WARN_ENUM_CONVERSION = YES;
				CLANG_WARN_INFINITE_RECURSION = YES;
				CLANG_WARN_INT_CONVERSION = YES;
				CLANG_WARN_OBJC_ROOT_CLASS = YES_ERROR;
				CLANG_WARN_SUSPICIOUS_MOVES = YES;
				CLANG_WARN_UNREACHABLE_CODE = YES;
				CLANG_WARN__DUPLICATE_METHOD_MATCH = YES;
				"CODE_SIGN_IDENTITY[sdk=iphoneos*]" = "iPhone Developer";
				COPY_PHASE_STRIP = NO;
				DEBUG_INFORMATION_FORMAT = "dwarf-with-dsym";
				ENABLE_NS_ASSERTIONS = NO;
				ENABLE_STRICT_OBJC_MSGSEND = YES;
				GCC_C_LANGUAGE_STANDARD = gnu99;
				GCC_NO_COMMON_BLOCKS = YES;
				GCC_WARN_64_TO_32_BIT_CONVERSION = YES;
				GCC_WARN_ABOUT_RETURN_TYPE = YES_ERROR;
				GCC_WARN_UNDECLARED_SELECTOR = YES;
				GCC_WARN_UNINITIALIZED_AUTOS = YES_AGGRESSIVE;
				GCC_WARN_UNUSED_FUNCTION = YES;
				GCC_WARN_UNUSED_VARIABLE = YES;
				IPHONEOS_DEPLOYMENT_TARGET = 10.1;
				MTL_ENABLE_DEBUG_INFO = NO;
				SDKROOT = iphoneos;
				SWIFT_OPTIMIZATION_LEVEL = "-Owholemodule";
				VALIDATE_PRODUCT = YES;
			};
			name = Release;
		};
		ADC8E3F91DC9F2BC0031EAC9 /* Debug */ = {
			isa = XCBuildConfiguration;
			buildSettings = {
				ASSETCATALOG_COMPILER_APPICON_NAME = AppIcon;
				"CODE_SIGN_IDENTITY[sdk=iphoneos*]" = "iPhone Developer";
				DEVELOPMENT_TEAM = "";
				INFOPLIST_FILE = "Multiplication Tables/Info.plist";
				LD_RUNPATH_SEARCH_PATHS = "$(inherited) @executable_path/Frameworks";
				PRODUCT_BUNDLE_IDENTIFIER = "com.AtinSinghal97.Example-App";
				PRODUCT_NAME = "$(TARGET_NAME)";
				SWIFT_VERSION = 3.0;
			};
			name = Debug;
		};
		ADC8E3FA1DC9F2BC0031EAC9 /* Release */ = {
			isa = XCBuildConfiguration;
			buildSettings = {
				ASSETCATALOG_COMPILER_APPICON_NAME = AppIcon;
				"CODE_SIGN_IDENTITY[sdk=iphoneos*]" = "iPhone Developer";
				DEVELOPMENT_TEAM = "";
				INFOPLIST_FILE = "Multiplication Tables/Info.plist";
				LD_RUNPATH_SEARCH_PATHS = "$(inherited) @executable_path/Frameworks";
				PRODUCT_BUNDLE_IDENTIFIER = "com.AtinSinghal97.Example-App";
				PRODUCT_NAME = "$(TARGET_NAME)";
				SWIFT_VERSION = 3.0;
			};
			name = Release;
		};
/* End XCBuildConfiguration section */

/* Begin XCConfigurationList section */
		ADC8E3E11DC9F2BC0031EAC9 /* Build configuration list for PBXProject "Multiplication Tables" */ = {
			isa = XCConfigurationList;
			buildConfigurations = (
				ADC8E3F61DC9F2BC0031EAC9 /* Debug */,
				ADC8E3F71DC9F2BC0031EAC9 /* Release */,
			);
			defaultConfigurationIsVisible = 0;
			defaultConfigurationName = Release;
		};
		ADC8E3F81DC9F2BC0031EAC9 /* Build configuration list for PBXNativeTarget "Multiplication Tables" */ = {
			isa = XCConfigurationList;
			buildConfigurations = (
				ADC8E3F91DC9F2BC0031EAC9 /* Debug */,
				ADC8E3FA1DC9F2BC0031EAC9 /* Release */,
			);
			defaultConfigurationIsVisible = 0;
			defaultConfigurationName = Release;
		};
/* End XCConfigurationList section */
	};
	rootObject = ADC8E3DE1DC9F2BC0031EAC9 /* Project object */;
}
